Microsoft Visual Studio Solution File, Format Version 12.00
# Visual Studio Version 17
VisualStudioVersion = 17.13.35825.156
MinimumVisualStudioVersion = 10.0.40219.1
Project("{FAE04EC0-301F-11D3-BF4B-00C04F79EFBC}") = "Interview360.WebAPI", "Interview360.WebAPI\Interview360.WebAPI.csproj", "{D0FAF4A0-5889-4DAC-BDD7-4F3862E343A5}"
EndProject
Project("{FAE04EC0-301F-11D3-BF4B-00C04F79EFBC}") = "Interview360.Application", "Interview360.Application\Interview360.Application.csproj", "{6FE98A43-C809-4957-B82B-471427B474A8}"
EndProject
Project("{FAE04EC0-301F-11D3-BF4B-00C04F79EFBC}") = "Interview360.Domain", "Interview360.Domain\Interview360.Domain.csproj", "{5A8360C4-2737-44A4-A215-986B86C2F74D}"
EndProject
Project("{FAE04EC0-301F-11D3-BF4B-00C04F79EFBC}") = "Interview360.Infrastructure", "Interview360.Infrastructure\Interview360.Infrastructure.csproj", "{EE205C8F-678D-4E03-92FB-89A5A6FEB7A6}"
EndProject
Project("{FAE04EC0-301F-11D3-BF4B-00C04F79EFBC}") = "Interview360.Persistence", "Interview360.Persistence\Interview360.Persistence.csproj", "{A2DD53C1-CCDE-476C-96EB-D85899F5F1CA}"
EndProject
Project("{FAE04EC0-301F-11D3-BF4B-00C04F79EFBC}") = "Interview360.Presentation", "Interview360.Presentation\Interview360.Presentation.csproj", "{44CC46B3-B777-4F87-976C-C6A0B220DD9C}"
EndProject
Global
	GlobalSection(SolutionConfigurationPlatforms) = preSolution
		Debug|Any CPU = Debug|Any CPU
		Release|Any CPU = Release|Any CPU
	EndGlobalSection
	GlobalSection(ProjectConfigurationPlatforms) = postSolution
		{D0FAF4A0-5889-4DAC-BDD7-4F3862E343A5}.Debug|Any CPU.ActiveCfg = Debug|Any CPU
		{D0FAF4A0-5889-4DAC-BDD7-4F3862E343A5}.Debug|Any CPU.Build.0 = Debug|Any CPU
		{D0FAF4A0-5889-4DAC-BDD7-4F3862E343A5}.Release|Any CPU.ActiveCfg = Release|Any CPU
		{D0FAF4A0-5889-4DAC-BDD7-4F3862E343A5}.Release|Any CPU.Build.0 = Release|Any CPU
		{6FE98A43-C809-4957-B82B-471427B474A8}.Debug|Any CPU.ActiveCfg = Debug|Any CPU
		{6FE98A43-C809-4957-B82B-471427B474A8}.Debug|Any CPU.Build.0 = Debug|Any CPU
		{6FE98A43-C809-4957-B82B-471427B474A8}.Release|Any CPU.ActiveCfg = Release|Any CPU
		{6FE98A43-C809-4957-B82B-471427B474A8}.Release|Any CPU.Build.0 = Release|Any CPU
		{5A8360C4-2737-44A4-A215-986B86C2F74D}.Debug|Any CPU.ActiveCfg = Debug|Any CPU
		{5A8360C4-2737-44A4-A215-986B86C2F74D}.Debug|Any CPU.Build.0 = Debug|Any CPU
		{5A8360C4-2737-44A4-A215-986B86C2F74D}.Release|Any CPU.ActiveCfg = Release|Any CPU
		{5A8360C4-2737-44A4-A215-986B86C2F74D}.Release|Any CPU.Build.0 = Release|Any CPU
		{EE205C8F-678D-4E03-92FB-89A5A6FEB7A6}.Debug|Any CPU.ActiveCfg = Debug|Any CPU
		{EE205C8F-678D-4E03-92FB-89A5A6FEB7A6}.Debug|Any CPU.Build.0 = Debug|Any CPU
		{EE205C8F-678D-4E03-92FB-89A5A6FEB7A6}.Release|Any CPU.ActiveCfg = Release|Any CPU
		{EE205C8F-678D-4E03-92FB-89A5A6FEB7A6}.Release|Any CPU.Build.0 = Release|Any CPU
		{A2DD53C1-CCDE-476C-96EB-D85899F5F1CA}.Debug|Any CPU.ActiveCfg = Debug|Any CPU
		{A2DD53C1-CCDE-476C-96EB-D85899F5F1CA}.Debug|Any CPU.Build.0 = Debug|Any CPU
		{A2DD53C1-CCDE-476C-96EB-D85899F5F1CA}.Release|Any CPU.ActiveCfg = Release|Any CPU
		{A2DD53C1-CCDE-476C-96EB-D85899F5F1CA}.Release|Any CPU.Build.0 = Release|Any CPU
		{44CC46B3-B777-4F87-976C-C6A0B220DD9C}.Debug|Any CPU.ActiveCfg = Debug|Any CPU
		{44CC46B3-B777-4F87-976C-C6A0B220DD9C}.Debug|Any CPU.Build.0 = Debug|Any CPU
		{44CC46B3-B777-4F87-976C-C6A0B220DD9C}.Release|Any CPU.ActiveCfg = Release|Any CPU
		{44CC46B3-B777-4F87-976C-C6A0B220DD9C}.Release|Any CPU.Build.0 = Release|Any CPU
	EndGlobalSection
	GlobalSection(SolutionProperties) = preSolution
		HideSolutionNode = FALSE
	EndGlobalSection
	GlobalSection(ExtensibilityGlobals) = postSolution
		SolutionGuid = {D8E67199-6D5A-4D74-956E-B25C283DC5AB}
	EndGlobalSection
EndGlobal
